{
  "originHash" : "1d8c3209a8395d2306d798e5a278e545d90f0359ce37e022f8de77fb32939e27",
  "pins" : [
    {
      "identity" : "markdownview",
      "kind" : "remoteSourceControl",
      "location" : "https://github.com/HumanInterfaceDesign/MarkdownView",
      "state" : {
        "revision" : "cfb3074d53eed1da1dc2d4c18d51d50d5f975967"
      }
    },
    {
      "identity" : "purchases-ios-spm",
      "kind" : "remoteSourceControl",
      "location" : "https://github.com/RevenueCat/purchases-ios-spm.git",
      "state" : {
        "revision" : "abb0d68c3e7ba97b16ab51c38fcaca16b0e358c8",
        "version" : "5.66.0"
      }
    },
    {
      "identity" : "swift-cmark",
      "kind" : "remoteSourceControl",
      "location" : "https://github.com/swiftlang/swift-cmark",
      "state" : {
        "branch" : "gfm",
        "revision" : "924936d0427cb25a61169739a7660230bffa6ea6"
      }
    },
    {
      "identity" : "swift-concurrency-extras",
      "kind" : "remoteSourceControl",
      "location" : "https://github.com/pointfreeco/swift-concurrency-extras",
      "state" : {
        "revision" : "5a3825302b1a0d744183200915a47b508c828e6f",
        "version" : "1.3.2"
      }
    },
    {
      "identity" : "swift-tree-sitter",
      "kind" : "remoteSourceControl",
      "location" : "https://github.com/tree-sitter/swift-tree-sitter",
      "state" : {
        "revision" : "08ef81eb8620617b55b08868126707ad72bf754f",
        "version" : "0.25.0"
      }
    },
    {
      "identity" : "swiftmath",
      "kind" : "remoteSourceControl",
      "location" : "https://github.com/mgriebling/SwiftMath",
      "state" : {
        "revision" : "fa8244ed032f4a1ade4cb0571bf87d2f1a9fd2d7",
        "version" : "1.7.3"
      }
    },
    {
      "identity" : "swiftui-math",
      "kind" : "remoteSourceControl",
      "location" : "https://github.com/gonzalezreal/swiftui-math",
      "state" : {
        "revision" : "0b5c2cfaaec8d6193db206f675048eeb5ce95f71",
        "version" : "0.1.0"
      }
    },
    {
      "identity" : "textual",
      "kind" : "remoteSourceControl",
      "location" : "https://github.com/devnoname120/textual.git",
      "state" : {
        "revision" : "ac751f2fcfc96309d9330ee9a7356840f964e211"
      }
    },
    {
      "identity" : "tree-sitter",
      "kind" : "remoteSourceControl",
      "location" : "https://github.com/tree-sitter/tree-sitter",
      "state" : {
        "revision" : "da6fe9beb4f7f67beb75914ca8e0d48ae48d6406",
        "version" : "0.25.10"
      }
    },
    {
      "identity" : "tree-sitter-bash",
      "kind" : "remoteSourceControl",
      "location" : "https://github.com/tree-sitter/tree-sitter-bash",
      "state" : {
        "revision" : "a06c2e4415e9bc0346c6b86d401879ffb44058f7",
        "version" : "0.25.1"
      }
    },
    {
      "identity" : "tree-sitter-c",
      "kind" : "remoteSourceControl",
      "location" : "https://github.com/HumanInterfaceDesign/tree-sitter-c",
      "state" : {
        "branch" : "master",
        "revision" : "18bfcd6a6863e8e68030aa89eb5ffa02cd58b06d"
      }
    },
    {
      "identity" : "tree-sitter-c-sharp",
      "kind" : "remoteSourceControl",
      "location" : "https://github.com/tree-sitter/tree-sitter-c-sharp",
      "state" : {
        "revision" : "cac6d5fb595f5811a076336682d5d595ac1c9e85",
        "version" : "0.23.5"
      }
    },
    {
      "identity" : "tree-sitter-cpp",
      "kind" : "remoteSourceControl",
      "location" : "https://github.com/tree-sitter/tree-sitter-cpp",
      "state" : {
        "revision" : "f41e1a044c8a84ea9fa8577fdd2eab92ec96de02",
        "version" : "0.23.4"
      }
    },
    {
      "identity" : "tree-sitter-css",
      "kind" : "remoteSourceControl",
      "location" : "https://github.com/tree-sitter/tree-sitter-css",
      "state" : {
        "revision" : "c0d581e32d183a536731ed6c3a72758b27e20411",
        "version" : "0.23.2"
      }
    },
    {
      "identity" : "tree-sitter-go",
      "kind" : "remoteSourceControl",
      "location" : "https://github.com/tree-sitter/tree-sitter-go",
      "state" : {
        "revision" : "1547678a9da59885853f5f5cc8a99cc203fa2e2c",
        "version" : "0.25.0"
      }
    },
    {
      "identity" : "tree-sitter-html",
      "kind" : "remoteSourceControl",
      "location" : "https://github.com/tree-sitter/tree-sitter-html",
      "state" : {
        "revision" : "5a5ca8551a179998360b4a4ca2c0f366a35acc03",
        "version" : "0.23.2"
      }
    },
    {
      "identity" : "tree-sitter-java",
      "kind" : "remoteSourceControl",
      "location" : "https://github.com/tree-sitter/tree-sitter-java",
      "state" : {
        "revision" : "94703d5a6bed02b98e438d7cad1136c01a60ba2c",
        "version" : "0.23.5"
      }
    },
    {
      "identity" : "tree-sitter-javascript",
      "kind" : "remoteSourceControl",
      "location" : "https://github.com/tree-sitter/tree-sitter-javascript",
      "state" : {
        "revision" : "3a837b6f3658ca3618f2022f8707e29739c91364",
        "version" : "0.23.1"
      }
    },
    {
      "identity" : "tree-sitter-json",
      "kind" : "remoteSourceControl",
      "location" : "https://github.com/tree-sitter/tree-sitter-json",
      "state" : {
        "revision" : "ee35a6ebefcef0c5c416c0d1ccec7370cfca5a24",
        "version" : "0.24.8"
      }
    },
    {
      "identity" : "tree-sitter-kotlin",
      "kind" : "remoteSourceControl",
      "location" : "https://github.com/fwcd/tree-sitter-kotlin",
      "state" : {
        "revision" : "e1a2d5ad1f61f5740677183cd4125bb071cd2f30",
        "version" : "0.3.8"
      }
    },
    {
      "identity" : "tree-sitter-python",
      "kind" : "remoteSourceControl",
      "location" : "https://github.com/tree-sitter/tree-sitter-python",
      "state" : {
        "revision" : "bffb65a8cfe4e46290331dfef0dbf0ef3679de11",
        "version" : "0.23.6"
      }
    },
    {
      "identity" : "tree-sitter-ruby",
      "kind" : "remoteSourceControl",
      "location" : "https://github.com/tree-sitter/tree-sitter-ruby",
      "state" : {
        "revision" : "71bd32fb7607035768799732addba884a37a6210",
        "version" : "0.23.1"
      }
    },
    {
      "identity" : "tree-sitter-rust",
      "kind" : "remoteSourceControl",
      "location" : "https://github.com/tree-sitter/tree-sitter-rust",
      "state" : {
        "revision" : "77a3747266f4d621d0757825e6b11edcbf991ca5",
        "version" : "0.24.2"
      }
    },
    {
      "identity" : "tree-sitter-sql",
      "kind" : "remoteSourceControl",
      "location" : "https://github.com/HumanInterfaceDesign/tree-sitter-sql",
      "state" : {
        "branch" : "main",
        "revision" : "3501853f961fe5513e7af7eca53a5a33449d3b3a"
      }
    },
    {
      "identity" : "tree-sitter-swift",
      "kind" : "remoteSourceControl",
      "location" : "https://github.com/HumanInterfaceDesign/tree-sitter-swift",
      "state" : {
        "branch" : "main",
        "revision" : "647b386ee64f32ceff52f4b8bcf6a150226b4f34"
      }
    },
    {
      "identity" : "tree-sitter-typescript",
      "kind" : "remoteSourceControl",
      "location" : "https://github.com/tree-sitter/tree-sitter-typescript",
      "state" : {
        "revision" : "f975a621f4e7f532fe322e13c4f79495e0a7b2e7",
        "version" : "0.23.2"
      }
    },
    {
      "identity" : "tree-sitter-yaml",
      "kind" : "remoteSourceControl",
      "location" : "https://github.com/HumanInterfaceDesign/tree-sitter-yaml",
      "state" : {
        "branch" : "master",
        "revision" : "12361324b8476dc4de7422110d85491698373773"
      }
    }
  ],
  "version" : 3
}
